
Microsoft Visual Studio Solution File, Format Version 12.00
# Visual Studio Version 17
VisualStudioVersion = 17.7.34031.279
MinimumVisualStudioVersion = 10.0.40219.1
Project("{FAE04EC0-301F-11D3-BF4B-00C04F79EFBC}") = "CpConsultorioMedico", "CpConsultorioMedico\CpConsultorioMedico.csproj", "{6439E014-5E5B-4A23-B645-57776ED17CA7}"
EndProject
Project("{FAE04EC0-301F-11D3-BF4B-00C04F79EFBC}") = "CadLabConsultorioMedico", "CadLabConsultorioMedico\CadLabConsultorioMedico.csproj", "{618A0989-4BA2-49B0-BE56-FC4CE99C81C9}"
EndProject
Project("{FAE04EC0-301F-11D3-BF4B-00C04F79EFBC}") = "ClnConsultorioMedico", "ClnConsultorioMedico\ClnConsultorioMedico.csproj", "{6B71DC6B-C0CE-4250-865E-95326E00082C}"
EndProject
Global
	GlobalSection(SolutionConfigurationPlatforms) = preSolution
		Debug|Any CPU = Debug|Any CPU
		Release|Any CPU = Release|Any CPU
	EndGlobalSection
	GlobalSection(ProjectConfigurationPlatforms) = postSolution
		{6439E014-5E5B-4A23-B645-57776ED17CA7}.Debug|Any CPU.ActiveCfg = Debug|Any CPU
		{6439E014-5E5B-4A23-B645-57776ED17CA7}.Debug|Any CPU.Build.0 = Debug|Any CPU
		{6439E014-5E5B-4A23-B645-57776ED17CA7}.Release|Any CPU.ActiveCfg = Release|Any CPU
		{6439E014-5E5B-4A23-B645-57776ED17CA7}.Release|Any CPU.Build.0 = Release|Any CPU
		{618A0989-4BA2-49B0-BE56-FC4CE99C81C9}.Debug|Any CPU.ActiveCfg = Debug|Any CPU
		{618A0989-4BA2-49B0-BE56-FC4CE99C81C9}.Debug|Any CPU.Build.0 = Debug|Any CPU
		{618A0989-4BA2-49B0-BE56-FC4CE99C81C9}.Release|Any CPU.ActiveCfg = Release|Any CPU
		{618A0989-4BA2-49B0-BE56-FC4CE99C81C9}.Release|Any CPU.Build.0 = Release|Any CPU
		{6B71DC6B-C0CE-4250-865E-95326E00082C}.Debug|Any CPU.ActiveCfg = Debug|Any CPU
		{6B71DC6B-C0CE-4250-865E-95326E00082C}.Debug|Any CPU.Build.0 = Debug|Any CPU
		{6B71DC6B-C0CE-4250-865E-95326E00082C}.Release|Any CPU.ActiveCfg = Release|Any CPU
		{6B71DC6B-C0CE-4250-865E-95326E00082C}.Release|Any CPU.Build.0 = Release|Any CPU
	EndGlobalSection
	GlobalSection(SolutionProperties) = preSolution
		HideSolutionNode = FALSE
	EndGlobalSection
	GlobalSection(ExtensibilityGlobals) = postSolution
		SolutionGuid = {41BC1D3C-3A81-4025-A46A-F326F935BD5E}
	EndGlobalSection
EndGlobal
